
Microsoft Visual Studio Solution File, Format Version 12.00
# Visual Studio Version 17
VisualStudioVersion = 17.8.34330.188
MinimumVisualStudioVersion = 10.0.40219.1
Project("{9A19103F-16F7-4668-BE54-9A1E7A4F7556}") = "BlazorApp", "BlazorApp\BlazorApp.csproj", "{2F1EE79D-7F17-42ED-822D-DCF06AA1B0B6}"
EndProject
Project("{9A19103F-16F7-4668-BE54-9A1E7A4F7556}") = "RazorClassLibrary", "RazorClassLibrary\RazorClassLibrary.csproj", "{EF046A28-7519-4804-92E4-172336808A1D}"
EndProject
Project("{9A19103F-16F7-4668-BE54-9A1E7A4F7556}") = "ToDoMauiApp", "ToDoMauiApp\ToDoMauiApp.csproj", "{8978F5E3-5377-4328-8E3D-7234748B851D}"
EndProject
Project("{9A19103F-16F7-4668-BE54-9A1E7A4F7556}") = "WebAPI", "WebAPI\WebAPI.csproj", "{DEEC285E-DB70-4BB3-8A67-5698976DAB27}"
EndProject
Project("{FAE04EC0-301F-11D3-BF4B-00C04F79EFBC}") = "ToDoTests", "ToDoTests\ToDoTests.csproj", "{2A43FF6F-2F99-417E-8D4D-906C5F18F243}"
EndProject
Global
	GlobalSection(SolutionConfigurationPlatforms) = preSolution
		Debug|Any CPU = Debug|Any CPU
		Release|Any CPU = Release|Any CPU
	EndGlobalSection
	GlobalSection(ProjectConfigurationPlatforms) = postSolution
		{2F1EE79D-7F17-42ED-822D-DCF06AA1B0B6}.Debug|Any CPU.ActiveCfg = Debug|Any CPU
		{2F1EE79D-7F17-42ED-822D-DCF06AA1B0B6}.Debug|Any CPU.Build.0 = Debug|Any CPU
		{2F1EE79D-7F17-42ED-822D-DCF06AA1B0B6}.Release|Any CPU.ActiveCfg = Release|Any CPU
		{2F1EE79D-7F17-42ED-822D-DCF06AA1B0B6}.Release|Any CPU.Build.0 = Release|Any CPU
		{EF046A28-7519-4804-92E4-172336808A1D}.Debug|Any CPU.ActiveCfg = Debug|Any CPU
		{EF046A28-7519-4804-92E4-172336808A1D}.Debug|Any CPU.Build.0 = Debug|Any CPU
		{EF046A28-7519-4804-92E4-172336808A1D}.Release|Any CPU.ActiveCfg = Release|Any CPU
		{EF046A28-7519-4804-92E4-172336808A1D}.Release|Any CPU.Build.0 = Release|Any CPU
		{8978F5E3-5377-4328-8E3D-7234748B851D}.Debug|Any CPU.ActiveCfg = Debug|Any CPU
		{8978F5E3-5377-4328-8E3D-7234748B851D}.Debug|Any CPU.Build.0 = Debug|Any CPU
		{8978F5E3-5377-4328-8E3D-7234748B851D}.Debug|Any CPU.Deploy.0 = Debug|Any CPU
		{8978F5E3-5377-4328-8E3D-7234748B851D}.Release|Any CPU.ActiveCfg = Release|Any CPU
		{8978F5E3-5377-4328-8E3D-7234748B851D}.Release|Any CPU.Build.0 = Release|Any CPU
		{8978F5E3-5377-4328-8E3D-7234748B851D}.Release|Any CPU.Deploy.0 = Release|Any CPU
		{DEEC285E-DB70-4BB3-8A67-5698976DAB27}.Debug|Any CPU.ActiveCfg = Debug|Any CPU
		{DEEC285E-DB70-4BB3-8A67-5698976DAB27}.Debug|Any CPU.Build.0 = Debug|Any CPU
		{DEEC285E-DB70-4BB3-8A67-5698976DAB27}.Release|Any CPU.ActiveCfg = Release|Any CPU
		{DEEC285E-DB70-4BB3-8A67-5698976DAB27}.Release|Any CPU.Build.0 = Release|Any CPU
		{2A43FF6F-2F99-417E-8D4D-906C5F18F243}.Debug|Any CPU.ActiveCfg = Debug|Any CPU
		{2A43FF6F-2F99-417E-8D4D-906C5F18F243}.Debug|Any CPU.Build.0 = Debug|Any CPU
		{2A43FF6F-2F99-417E-8D4D-906C5F18F243}.Release|Any CPU.ActiveCfg = Release|Any CPU
		{2A43FF6F-2F99-417E-8D4D-906C5F18F243}.Release|Any CPU.Build.0 = Release|Any CPU
	EndGlobalSection
	GlobalSection(SolutionProperties) = preSolution
		HideSolutionNode = FALSE
	EndGlobalSection
	GlobalSection(ExtensibilityGlobals) = postSolution
		SolutionGuid = {DFE5F1E5-DD36-412E-9AC1-ECA7D3503A2A}
	EndGlobalSection
EndGlobal
